PODS:
  - CrossroadRegex (1.1.0)
  - SideMenu (3.1.5)

DEPENDENCIES:
  - CrossroadRegex
  - SideMenu

SPEC CHECKSUMS:
  CrossroadRegex: 5eaadb3f7b4014728f1cbd1014756b126c1dbd9a
  SideMenu: 47dbf9e4d878062d8994aed43f6e4bf6c1fea30b

PODFILE CHECKSUM: 5185055fbea7671c6b787e6413bc941bbc127a43

COCOAPODS: 1.2.0
